Microsoft Visual Studio Solution File, Format Version 12.00
# Visual Studio Version 17
VisualStudioVersion = 17.13.35913.81
MinimumVisualStudioVersion = 10.0.40219.1
Project("{FAE04EC0-301F-11D3-BF4B-00C04F79EFBC}") = "Sakila.Api", "Sakila.Api\Sakila.Api.csproj", "{80C51185-51BE-0FEE-D7FA-A81C5D565285}"
EndProject
Global
	GlobalSection(SolutionConfigurationPlatforms) = preSolution
		Debug|Any CPU = Debug|Any CPU
		Release|Any CPU = Release|Any CPU
	EndGlobalSection
	GlobalSection(ProjectConfigurationPlatforms) = postSolution
		{80C51185-51BE-0FEE-D7FA-A81C5D565285}.Debug|Any CPU.ActiveCfg = Debug|Any CPU
		{80C51185-51BE-0FEE-D7FA-A81C5D565285}.Debug|Any CPU.Build.0 = Debug|Any CPU
		{80C51185-51BE-0FEE-D7FA-A81C5D565285}.Release|Any CPU.ActiveCfg = Release|Any CPU
		{80C51185-51BE-0FEE-D7FA-A81C5D565285}.Release|Any CPU.Build.0 = Release|Any CPU
	EndGlobalSection
	GlobalSection(SolutionProperties) = preSolution
		HideSolutionNode = FALSE
	EndGlobalSection
	GlobalSection(ExtensibilityGlobals) = postSolution
		SolutionGuid = {14097238-DFCA-4241-9DD3-B8D8524BF552}
	EndGlobalSection
EndGlobal
