Microsoft Visual Studio Solution File, Format Version 12.00
# Visual Studio Version 17
VisualStudioVersion = 17.13.35913.81
MinimumVisualStudioVersion = 10.0.40219.1
Project("{FAE04EC0-301F-11D3-BF4B-00C04F79EFBC}") = "Sakila.Api", "Sakila.Api\Sakila.Api.csproj", "{80C51185-51BE-0FEE-D7FA-A81C5D565285}"
EndProject
Project("{FAE04EC0-301F-11D3-BF4B-00C04F79EFBC}") = "Sakila.ConsoleApp", "..\Sakila.ConsoleApp\Sakila.ConsoleApp.csproj", "{0A6811EF-C874-41A0-BCEE-06EDE02A3877}"
EndProject
Project("{FAE04EC0-301F-11D3-BF4B-00C04F79EFBC}") = "Sakila.BlazorWasmApp", "..\Sakila.BlazorWasmApp\Sakila.BlazorWasmApp.csproj", "{50621CDF-A2D9-4FB2-83A3-4F7DA4EE834D}"
EndProject
Project("{FAE04EC0-301F-11D3-BF4B-00C04F79EFBC}") = "Tracking.Api", "Tracking.Api\Tracking.Api.csproj", "{07342166-29B4-4729-817A-EB8B1E3EBB6C}"
EndProject
Project("{FAE04EC0-301F-11D3-BF4B-00C04F79EFBC}") = "Tracking.ConsoleClient", "Tracking.ConsoleClient\Tracking.ConsoleClient.csproj", "{1F263591-53CB-4505-A123-2C5725601532}"
EndProject
Project("{FAE04EC0-301F-11D3-BF4B-00C04F79EFBC}") = "Monitoring.Web", "Monitoring.Web\Monitoring.Web.csproj", "{FA66DBFB-F837-43E8-8845-66F1FDF0E50E}"
EndProject
Global
	GlobalSection(SolutionConfigurationPlatforms) = preSolution
		Debug|Any CPU = Debug|Any CPU
		Release|Any CPU = Release|Any CPU
	EndGlobalSection
	GlobalSection(ProjectConfigurationPlatforms) = postSolution
		{80C51185-51BE-0FEE-D7FA-A81C5D565285}.Debug|Any CPU.ActiveCfg = Debug|Any CPU
		{80C51185-51BE-0FEE-D7FA-A81C5D565285}.Debug|Any CPU.Build.0 = Debug|Any CPU
		{80C51185-51BE-0FEE-D7FA-A81C5D565285}.Release|Any CPU.ActiveCfg = Release|Any CPU
		{80C51185-51BE-0FEE-D7FA-A81C5D565285}.Release|Any CPU.Build.0 = Release|Any CPU
		{0A6811EF-C874-41A0-BCEE-06EDE02A3877}.Debug|Any CPU.ActiveCfg = Debug|Any CPU
		{0A6811EF-C874-41A0-BCEE-06EDE02A3877}.Debug|Any CPU.Build.0 = Debug|Any CPU
		{0A6811EF-C874-41A0-BCEE-06EDE02A3877}.Release|Any CPU.ActiveCfg = Release|Any CPU
		{0A6811EF-C874-41A0-BCEE-06EDE02A3877}.Release|Any CPU.Build.0 = Release|Any CPU
		{50621CDF-A2D9-4FB2-83A3-4F7DA4EE834D}.Debug|Any CPU.ActiveCfg = Debug|Any CPU
		{50621CDF-A2D9-4FB2-83A3-4F7DA4EE834D}.Debug|Any CPU.Build.0 = Debug|Any CPU
		{50621CDF-A2D9-4FB2-83A3-4F7DA4EE834D}.Release|Any CPU.ActiveCfg = Release|Any CPU
		{50621CDF-A2D9-4FB2-83A3-4F7DA4EE834D}.Release|Any CPU.Build.0 = Release|Any CPU
		{07342166-29B4-4729-817A-EB8B1E3EBB6C}.Debug|Any CPU.ActiveCfg = Debug|Any CPU
		{07342166-29B4-4729-817A-EB8B1E3EBB6C}.Debug|Any CPU.Build.0 = Debug|Any CPU
		{07342166-29B4-4729-817A-EB8B1E3EBB6C}.Release|Any CPU.ActiveCfg = Release|Any CPU
		{07342166-29B4-4729-817A-EB8B1E3EBB6C}.Release|Any CPU.Build.0 = Release|Any CPU
		{1F263591-53CB-4505-A123-2C5725601532}.Debug|Any CPU.ActiveCfg = Debug|Any CPU
		{1F263591-53CB-4505-A123-2C5725601532}.Debug|Any CPU.Build.0 = Debug|Any CPU
		{1F263591-53CB-4505-A123-2C5725601532}.Release|Any CPU.ActiveCfg = Release|Any CPU
		{1F263591-53CB-4505-A123-2C5725601532}.Release|Any CPU.Build.0 = Release|Any CPU
		{FA66DBFB-F837-43E8-8845-66F1FDF0E50E}.Debug|Any CPU.ActiveCfg = Debug|Any CPU
		{FA66DBFB-F837-43E8-8845-66F1FDF0E50E}.Debug|Any CPU.Build.0 = Debug|Any CPU
		{FA66DBFB-F837-43E8-8845-66F1FDF0E50E}.Release|Any CPU.ActiveCfg = Release|Any CPU
		{FA66DBFB-F837-43E8-8845-66F1FDF0E50E}.Release|Any CPU.Build.0 = Release|Any CPU
	EndGlobalSection
	GlobalSection(SolutionProperties) = preSolution
		HideSolutionNode = FALSE
	EndGlobalSection
	GlobalSection(ExtensibilityGlobals) = postSolution
		SolutionGuid = {14097238-DFCA-4241-9DD3-B8D8524BF552}
	EndGlobalSection
EndGlobal
